
Microsoft Visual Studio Solution File, Format Version 12.00
# Visual Studio Version 16
VisualStudioVersion = 16.0.31105.61
MinimumVisualStudioVersion = 10.0.40219.1
Project("{2150E333-8FDC-42A3-9474-1A3956D46DE8}") = "Services", "Services", "{697574D6-EFC2-48A4-9A72-E3028CD3DBFD}"
EndProject
Project("{2150E333-8FDC-42A3-9474-1A3956D46DE8}") = "WebApps", "WebApps", "{B63C943D-2C1F-4D78-9778-F4002911A2A1}"
EndProject
Project("{2150E333-8FDC-42A3-9474-1A3956D46DE8}") = "Cadastros", "Cadastros", "{85D1EC79-DF32-4989-91BD-D2FE0FF4A98A}"
EndProject
Project("{2150E333-8FDC-42A3-9474-1A3956D46DE8}") = "Catalogo", "Catalogo", "{69B78367-A168-489F-BBCF-90B125923DC8}"
EndProject
Project("{2150E333-8FDC-42A3-9474-1A3956D46DE8}") = "Core", "Core", "{E5DF1F94-487F-4551-A431-C58B071C6989}"
EndProject
Project("{2150E333-8FDC-42A3-9474-1A3956D46DE8}") = "Fiscal", "Fiscal", "{C5291D8F-CA6E-491C-896F-0B86C0A6F041}"
EndProject
Project("{2150E333-8FDC-42A3-9474-1A3956D46DE8}") = "Pagamentos", "Pagamentos", "{493919FE-C5D9-4ED3-A888-290FCABB2536}"
EndProject
Project("{2150E333-8FDC-42A3-9474-1A3956D46DE8}") = "Vendas", "Vendas", "{9828BF01-1BFC-4FEC-95C2-07E0F0E702E3}"
EndProject
Project("{9A19103F-16F7-4668-BE54-9A1E7A4F7556}") = "NerdStore.Catalogo.Domain", "src\NerdStore.Catalogo.Domain\NerdStore.Catalogo.Domain.csproj", "{631A726F-6AC5-4C9F-AD2D-CEABB7F9677B}"
EndProject
Project("{9A19103F-16F7-4668-BE54-9A1E7A4F7556}") = "NerdStore.Core", "src\NerdStore.Core\NerdStore.Core.csproj", "{16C556E3-E81E-4A7C-9771-062664D2134B}"
EndProject
Project("{2150E333-8FDC-42A3-9474-1A3956D46DE8}") = "Tests", "Tests", "{A849D2CD-26DD-43F2-9C54-4E9E245E103A}"
EndProject
Project("{9A19103F-16F7-4668-BE54-9A1E7A4F7556}") = "NerdStore.Catalogo.Domain.Tests", "tests\NerdStore.Catalogo.Domain.Tests\NerdStore.Catalogo.Domain.Tests.csproj", "{D53FAC70-E2A0-4C0C-BBD6-E7BF93477FFD}"
EndProject
Project("{9A19103F-16F7-4668-BE54-9A1E7A4F7556}") = "NerdStore.Catalogo.Data", "src\NerdStore.Catalogo.Data\NerdStore.Catalogo.Data.csproj", "{8A2E8E68-1370-4809-BB7A-389A85FDBCEB}"
EndProject
Project("{9A19103F-16F7-4668-BE54-9A1E7A4F7556}") = "NerdStore.Catalogo.Application", "src\NerdStore.Catalogo.Application\NerdStore.Catalogo.Application.csproj", "{46350CED-4061-411B-91EB-94C151AE07E2}"
EndProject
Project("{9A19103F-16F7-4668-BE54-9A1E7A4F7556}") = "NerdStore.WebApp.Mvc", "src\NerdStore.WebApp.Mvc\NerdStore.WebApp.Mvc.csproj", "{47A4DC3E-1123-4D43-8245-D421264CA97F}"
EndProject
Project("{9A19103F-16F7-4668-BE54-9A1E7A4F7556}") = "NerdStore.Vendas.Domain", "src\NerdStore.Vendas.Domain\NerdStore.Vendas.Domain.csproj", "{FB70C06C-9588-4623-B2C9-72236AFF4C9A}"
EndProject
Project("{9A19103F-16F7-4668-BE54-9A1E7A4F7556}") = "NerdStore.Vendas.Application", "src\NerdStore.Vendas.Application\NerdStore.Vendas.Application.csproj", "{26717C83-8406-45AE-B5AE-E02E9CC5E91F}"
EndProject
Project("{9A19103F-16F7-4668-BE54-9A1E7A4F7556}") = "NerdStore.Vendas.Data", "src\NerdStore.Vendas.Data\NerdStore.Vendas.Data.csproj", "{936E7D0D-74D1-4425-A0D9-FE0E5FE48BBB}"
EndProject
Project("{9A19103F-16F7-4668-BE54-9A1E7A4F7556}") = "NerdStore.Pagamentos.AntiCorruption", "src\NerdStore.Pagamentos.AntiCorruption\NerdStore.Pagamentos.AntiCorruption.csproj", "{2D269BEA-B66C-4872-AC55-293C8D2F98BF}"
EndProject
Project("{9A19103F-16F7-4668-BE54-9A1E7A4F7556}") = "NerdStore.Pagamentos.Business", "src\NerdStore.Pagamentos.Business\NerdStore.Pagamentos.Business.csproj", "{B1E5C3C3-5405-4B95-A27C-17723521D598}"
EndProject
Project("{9A19103F-16F7-4668-BE54-9A1E7A4F7556}") = "NerdStore.Pagamentos.Data", "src\NerdStore.Pagamentos.Data\NerdStore.Pagamentos.Data.csproj", "{97C13F4E-E5BA-4E49-BF4E-4F07A1AC60C8}"
EndProject
Project("{2150E333-8FDC-42A3-9474-1A3956D46DE8}") = "BuildingBlocks", "BuildingBlocks", "{C2956F31-C10D-4276-9F9B-A296919C2C2D}"
EndProject
Project("{FAE04EC0-301F-11D3-BF4B-00C04F79EFBC}") = "EventSourcing", "src\EventSourcing\EventSourcing.csproj", "{F116E103-D98E-4563-A4A9-F5A5E0B3E597}"
EndProject
Global
	GlobalSection(SolutionConfigurationPlatforms) = preSolution
		Debug|Any CPU = Debug|Any CPU
		Release|Any CPU = Release|Any CPU
	EndGlobalSection
	GlobalSection(ProjectConfigurationPlatforms) = postSolution
		{631A726F-6AC5-4C9F-AD2D-CEABB7F9677B}.Debug|Any CPU.ActiveCfg = Debug|Any CPU
		{631A726F-6AC5-4C9F-AD2D-CEABB7F9677B}.Debug|Any CPU.Build.0 = Debug|Any CPU
		{631A726F-6AC5-4C9F-AD2D-CEABB7F9677B}.Release|Any CPU.ActiveCfg = Release|Any CPU
		{631A726F-6AC5-4C9F-AD2D-CEABB7F9677B}.Release|Any CPU.Build.0 = Release|Any CPU
		{16C556E3-E81E-4A7C-9771-062664D2134B}.Debug|Any CPU.ActiveCfg = Debug|Any CPU
		{16C556E3-E81E-4A7C-9771-062664D2134B}.Debug|Any CPU.Build.0 = Debug|Any CPU
		{16C556E3-E81E-4A7C-9771-062664D2134B}.Release|Any CPU.ActiveCfg = Release|Any CPU
		{16C556E3-E81E-4A7C-9771-062664D2134B}.Release|Any CPU.Build.0 = Release|Any CPU
		{D53FAC70-E2A0-4C0C-BBD6-E7BF93477FFD}.Debug|Any CPU.ActiveCfg = Debug|Any CPU
		{D53FAC70-E2A0-4C0C-BBD6-E7BF93477FFD}.Debug|Any CPU.Build.0 = Debug|Any CPU
		{D53FAC70-E2A0-4C0C-BBD6-E7BF93477FFD}.Release|Any CPU.ActiveCfg = Release|Any CPU
		{D53FAC70-E2A0-4C0C-BBD6-E7BF93477FFD}.Release|Any CPU.Build.0 = Release|Any CPU
		{8A2E8E68-1370-4809-BB7A-389A85FDBCEB}.Debug|Any CPU.ActiveCfg = Debug|Any CPU
		{8A2E8E68-1370-4809-BB7A-389A85FDBCEB}.Debug|Any CPU.Build.0 = Debug|Any CPU
		{8A2E8E68-1370-4809-BB7A-389A85FDBCEB}.Release|Any CPU.ActiveCfg = Release|Any CPU
		{8A2E8E68-1370-4809-BB7A-389A85FDBCEB}.Release|Any CPU.Build.0 = Release|Any CPU
		{46350CED-4061-411B-91EB-94C151AE07E2}.Debug|Any CPU.ActiveCfg = Debug|Any CPU
		{46350CED-4061-411B-91EB-94C151AE07E2}.Debug|Any CPU.Build.0 = Debug|Any CPU
		{46350CED-4061-411B-91EB-94C151AE07E2}.Release|Any CPU.ActiveCfg = Release|Any CPU
		{46350CED-4061-411B-91EB-94C151AE07E2}.Release|Any CPU.Build.0 = Release|Any CPU
		{47A4DC3E-1123-4D43-8245-D421264CA97F}.Debug|Any CPU.ActiveCfg = Debug|Any CPU
		{47A4DC3E-1123-4D43-8245-D421264CA97F}.Debug|Any CPU.Build.0 = Debug|Any CPU
		{47A4DC3E-1123-4D43-8245-D421264CA97F}.Release|Any CPU.ActiveCfg = Release|Any CPU
		{47A4DC3E-1123-4D43-8245-D421264CA97F}.Release|Any CPU.Build.0 = Release|Any CPU
		{FB70C06C-9588-4623-B2C9-72236AFF4C9A}.Debug|Any CPU.ActiveCfg = Debug|Any CPU
		{FB70C06C-9588-4623-B2C9-72236AFF4C9A}.Debug|Any CPU.Build.0 = Debug|Any CPU
		{FB70C06C-9588-4623-B2C9-72236AFF4C9A}.Release|Any CPU.ActiveCfg = Release|Any CPU
		{FB70C06C-9588-4623-B2C9-72236AFF4C9A}.Release|Any CPU.Build.0 = Release|Any CPU
		{26717C83-8406-45AE-B5AE-E02E9CC5E91F}.Debug|Any CPU.ActiveCfg = Debug|Any CPU
		{26717C83-8406-45AE-B5AE-E02E9CC5E91F}.Debug|Any CPU.Build.0 = Debug|Any CPU
		{26717C83-8406-45AE-B5AE-E02E9CC5E91F}.Release|Any CPU.ActiveCfg = Release|Any CPU
		{26717C83-8406-45AE-B5AE-E02E9CC5E91F}.Release|Any CPU.Build.0 = Release|Any CPU
		{936E7D0D-74D1-4425-A0D9-FE0E5FE48BBB}.Debug|Any CPU.ActiveCfg = Debug|Any CPU
		{936E7D0D-74D1-4425-A0D9-FE0E5FE48BBB}.Debug|Any CPU.Build.0 = Debug|Any CPU
		{936E7D0D-74D1-4425-A0D9-FE0E5FE48BBB}.Release|Any CPU.ActiveCfg = Release|Any CPU
		{936E7D0D-74D1-4425-A0D9-FE0E5FE48BBB}.Release|Any CPU.Build.0 = Release|Any CPU
		{2D269BEA-B66C-4872-AC55-293C8D2F98BF}.Debug|Any CPU.ActiveCfg = Debug|Any CPU
		{2D269BEA-B66C-4872-AC55-293C8D2F98BF}.Debug|Any CPU.Build.0 = Debug|Any CPU
		{2D269BEA-B66C-4872-AC55-293C8D2F98BF}.Release|Any CPU.ActiveCfg = Release|Any CPU
		{2D269BEA-B66C-4872-AC55-293C8D2F98BF}.Release|Any CPU.Build.0 = Release|Any CPU
		{B1E5C3C3-5405-4B95-A27C-17723521D598}.Debug|Any CPU.ActiveCfg = Debug|Any CPU
		{B1E5C3C3-5405-4B95-A27C-17723521D598}.Debug|Any CPU.Build.0 = Debug|Any CPU
		{B1E5C3C3-5405-4B95-A27C-17723521D598}.Release|Any CPU.ActiveCfg = Release|Any CPU
		{B1E5C3C3-5405-4B95-A27C-17723521D598}.Release|Any CPU.Build.0 = Release|Any CPU
		{97C13F4E-E5BA-4E49-BF4E-4F07A1AC60C8}.Debug|Any CPU.ActiveCfg = Debug|Any CPU
		{97C13F4E-E5BA-4E49-BF4E-4F07A1AC60C8}.Debug|Any CPU.Build.0 = Debug|Any CPU
		{97C13F4E-E5BA-4E49-BF4E-4F07A1AC60C8}.Release|Any CPU.ActiveCfg = Release|Any CPU
		{97C13F4E-E5BA-4E49-BF4E-4F07A1AC60C8}.Release|Any CPU.Build.0 = Release|Any CPU
		{F116E103-D98E-4563-A4A9-F5A5E0B3E597}.Debug|Any CPU.ActiveCfg = Debug|Any CPU
		{F116E103-D98E-4563-A4A9-F5A5E0B3E597}.Debug|Any CPU.Build.0 = Debug|Any CPU
		{F116E103-D98E-4563-A4A9-F5A5E0B3E597}.Release|Any CPU.ActiveCfg = Release|Any CPU
		{F116E103-D98E-4563-A4A9-F5A5E0B3E597}.Release|Any CPU.Build.0 = Release|Any CPU
	EndGlobalSection
	GlobalSection(SolutionProperties) = preSolution
		HideSolutionNode = FALSE
	EndGlobalSection
	GlobalSection(NestedProjects) = preSolution
		{85D1EC79-DF32-4989-91BD-D2FE0FF4A98A} = {697574D6-EFC2-48A4-9A72-E3028CD3DBFD}
		{69B78367-A168-489F-BBCF-90B125923DC8} = {697574D6-EFC2-48A4-9A72-E3028CD3DBFD}
		{E5DF1F94-487F-4551-A431-C58B071C6989} = {697574D6-EFC2-48A4-9A72-E3028CD3DBFD}
		{C5291D8F-CA6E-491C-896F-0B86C0A6F041} = {697574D6-EFC2-48A4-9A72-E3028CD3DBFD}
		{493919FE-C5D9-4ED3-A888-290FCABB2536} = {697574D6-EFC2-48A4-9A72-E3028CD3DBFD}
		{9828BF01-1BFC-4FEC-95C2-07E0F0E702E3} = {697574D6-EFC2-48A4-9A72-E3028CD3DBFD}
		{631A726F-6AC5-4C9F-AD2D-CEABB7F9677B} = {69B78367-A168-489F-BBCF-90B125923DC8}
		{16C556E3-E81E-4A7C-9771-062664D2134B} = {E5DF1F94-487F-4551-A431-C58B071C6989}
		{A849D2CD-26DD-43F2-9C54-4E9E245E103A} = {69B78367-A168-489F-BBCF-90B125923DC8}
		{D53FAC70-E2A0-4C0C-BBD6-E7BF93477FFD} = {A849D2CD-26DD-43F2-9C54-4E9E245E103A}
		{8A2E8E68-1370-4809-BB7A-389A85FDBCEB} = {69B78367-A168-489F-BBCF-90B125923DC8}
		{46350CED-4061-411B-91EB-94C151AE07E2} = {69B78367-A168-489F-BBCF-90B125923DC8}
		{47A4DC3E-1123-4D43-8245-D421264CA97F} = {B63C943D-2C1F-4D78-9778-F4002911A2A1}
		{FB70C06C-9588-4623-B2C9-72236AFF4C9A} = {9828BF01-1BFC-4FEC-95C2-07E0F0E702E3}
		{26717C83-8406-45AE-B5AE-E02E9CC5E91F} = {9828BF01-1BFC-4FEC-95C2-07E0F0E702E3}
		{936E7D0D-74D1-4425-A0D9-FE0E5FE48BBB} = {9828BF01-1BFC-4FEC-95C2-07E0F0E702E3}
		{2D269BEA-B66C-4872-AC55-293C8D2F98BF} = {493919FE-C5D9-4ED3-A888-290FCABB2536}
		{B1E5C3C3-5405-4B95-A27C-17723521D598} = {493919FE-C5D9-4ED3-A888-290FCABB2536}
		{97C13F4E-E5BA-4E49-BF4E-4F07A1AC60C8} = {493919FE-C5D9-4ED3-A888-290FCABB2536}
		{F116E103-D98E-4563-A4A9-F5A5E0B3E597} = {C2956F31-C10D-4276-9F9B-A296919C2C2D}
	EndGlobalSection
	GlobalSection(ExtensibilityGlobals) = postSolution
		SolutionGuid = {936947E8-80E4-4142-A9A2-28EAA0153D87}
	EndGlobalSection
EndGlobal
